
Microsoft Visual Studio Solution File, Format Version 12.00
# Visual Studio 15
VisualStudioVersion = 15.0.28307.1062
MinimumVisualStudioVersion = 10.0.40219.1
Project("{FAE04EC0-301F-11D3-BF4B-00C04F79EFBC}") = "Service1", "Service1\Service1.csproj", "{CA83BA21-A16E-417E-8DAA-4C83F875CB05}"
EndProject
Project("{9A19103F-16F7-4668-BE54-9A1E7A4F7556}") = "Service.Common", "..\..\Service.Common\Service.Common\Service.Common.csproj", "{6FE72886-2314-4299-AAA2-7856100E44DC}"
EndProject
Global
	GlobalSection(SolutionConfigurationPlatforms) = preSolution
		Debug|Any CPU = Debug|Any CPU
		Release|Any CPU = Release|Any CPU
	EndGlobalSection
	GlobalSection(ProjectConfigurationPlatforms) = postSolution
		{CA83BA21-A16E-417E-8DAA-4C83F875CB05}.Debug|Any CPU.ActiveCfg = Debug|Any CPU
		{CA83BA21-A16E-417E-8DAA-4C83F875CB05}.Debug|Any CPU.Build.0 = Debug|Any CPU
		{CA83BA21-A16E-417E-8DAA-4C83F875CB05}.Release|Any CPU.ActiveCfg = Release|Any CPU
		{CA83BA21-A16E-417E-8DAA-4C83F875CB05}.Release|Any CPU.Build.0 = Release|Any CPU
		{6FE72886-2314-4299-AAA2-7856100E44DC}.Debug|Any CPU.ActiveCfg = Debug|Any CPU
		{6FE72886-2314-4299-AAA2-7856100E44DC}.Debug|Any CPU.Build.0 = Debug|Any CPU
		{6FE72886-2314-4299-AAA2-7856100E44DC}.Release|Any CPU.ActiveCfg = Release|Any CPU
		{6FE72886-2314-4299-AAA2-7856100E44DC}.Release|Any CPU.Build.0 = Release|Any CPU
	EndGlobalSection
	GlobalSection(SolutionProperties) = preSolution
		HideSolutionNode = FALSE
	EndGlobalSection
	GlobalSection(ExtensibilityGlobals) = postSolution
		SolutionGuid = {ACE0AE23-BB61-4E96-A8A9-DAD6195BFBA5}
	EndGlobalSection
EndGlobal
